
Microsoft Visual Studio Solution File, Format Version 12.00
Project("{FAE04EC0-301F-11D3-BF4B-00C04F79EFBC}") = "NModbusTest", "NModbusTest\NModbusTest.csproj", "{510BD644-EB1B-4FAA-800C-34C279962D68}"
EndProject
Global
	GlobalSection(SolutionConfigurationPlatforms) = preSolution
		Debug|Any CPU = Debug|Any CPU
		Release|Any CPU = Release|Any CPU
	EndGlobalSection
	GlobalSection(ProjectConfigurationPlatforms) = postSolution
		{510BD644-EB1B-4FAA-800C-34C279962D68}.Debug|Any CPU.ActiveCfg = Debug|Any CPU
		{510BD644-EB1B-4FAA-800C-34C279962D68}.Debug|Any CPU.Build.0 = Debug|Any CPU
		{510BD644-EB1B-4FAA-800C-34C279962D68}.Release|Any CPU.ActiveCfg = Release|Any CPU
		{510BD644-EB1B-4FAA-800C-34C279962D68}.Release|Any CPU.Build.0 = Release|Any CPU
	EndGlobalSection
EndGlobal
